// !$*UTF8*$!
{
	archiveVersion = 1;
	classes = {
	};
	objectVersion = 54;
	objects = {

/* Begin PBXBuildFile section */
		1D8E7F6A2C8B9A1D00000001 /* AppDelegate.swift in Sources */ = {isa = PBXBuildFile; fileRef = 1D8E7F692C8B9A1D00000001 /* AppDelegate.swift */; };
		1D8E7F6E2C8B9A1D00000002 /* HomeViewController.swift in Sources */ = {isa = PBXBuildFile; fileRef = 1D8E7F6D2C8B9A1D00000002 /* HomeViewController.swift */; };
		2894B3632EEAACB3005968C9 /* ChatModels.swift in Sources */ = {isa = PBXBuildFile; fileRef = 2894B3612EEAACB3005968C9 /* ChatModels.swift */; };
		2894B3672EEAACBF005968C9 /* SupabaseService.swift in Sources */ = {isa = PBXBuildFile; fileRef = 2894B3652EEAACBF005968C9 /* SupabaseService.swift */; };
		2894B3682EEAACBF005968C9 /* AuthService.swift in Sources */ = {isa = PBXBuildFile; fileRef = 2894B3642EEAACBF005968C9 /* AuthService.swift */; };
		2894B36C2EEAAD07005968C9 /* AuthViewController.swift in Sources */ = {isa = PBXBuildFile; fileRef = 2894B3692EEAAD07005968C9 /* AuthViewController.swift */; };
		2894B36D2EEAAD07005968C9 /* ChatViewController.swift in Sources */ = {isa = PBXBuildFile; fileRef = 2894B36A2EEAAD07005968C9 /* ChatViewController.swift */; };
		2894B36E2EEAAD07005968C9 /* GroupsViewController.swift in Sources */ = {isa = PBXBuildFile; fileRef = 2894B36B2EEAAD07005968C9 /* GroupsViewController.swift */; };
		2894B3702EEAB5DF005968C9 /* Auth in Frameworks */ = {isa = PBXBuildFile; productRef = 2894B36F2EEAB5DF005968C9 /* Auth */; };
		2894B3722EEAB5DF005968C9 /* Functions in Frameworks */ = {isa = PBXBuildFile; productRef = 2894B3712EEAB5DF005968C9 /* Functions */; };
		2894B3742EEAB5DF005968C9 /* PostgREST in Frameworks */ = {isa = PBXBuildFile; productRef = 2894B3732EEAB5DF005968C9 /* PostgREST */; };
		2894B3762EEAB5DF005968C9 /* Realtime in Frameworks */ = {isa = PBXBuildFile; productRef = 2894B3752EEAB5DF005968C9 /* Realtime */; };
		2894B3782EEAB5DF005968C9 /* Storage in Frameworks */ = {isa = PBXBuildFile; productRef = 2894B3772EEAB5DF005968C9 /* Storage */; };
		2894B37A2EEAB5DF005968C9 /* Supabase in Frameworks */ = {isa = PBXBuildFile; productRef = 2894B3792EEAB5DF005968C9 /* Supabase */; };
		28AFA23B2EEE930200988B55 /* Entrig in Frameworks */ = {isa = PBXBuildFile; productRef = 28AFA23A2EEE930200988B55 /* Entrig */; };
/* End PBXBuildFile section */

/* Begin PBXFileReference section */
		1D8E7F662C8B9A1D00000000 /* EntrigExample.app */ = {isa = PBXFileReference; explicitFileType = wrapper.application; includeInIndex = 0; path = EntrigExample.app; sourceTree = BUILT_PRODUCTS_DIR; };
		1D8E7F692C8B9A1D00000001 /* AppDelegate.swift */ = {isa = PBXFileReference; lastKnownFileType = sourcecode.swift; path = AppDelegate.swift; sourceTree = "<group>"; };
		1D8E7F6D2C8B9A1D00000002 /* HomeViewController.swift */ = {isa = PBXFileReference; lastKnownFileType = sourcecode.swift; path = HomeViewController.swift; sourceTree = "<group>"; };
		1D8E7F742C8B9A1E00000003 /* Info.plist */ = {isa = PBXFileReference; lastKnownFileType = text.plist.xml; path = Info.plist; sourceTree = "<group>"; };
		2894B3612EEAACB3005968C9 /* ChatModels.swift */ = {isa = PBXFileReference; lastKnownFileType = sourcecode.swift; path = ChatModels.swift; sourceTree = "<group>"; };
		2894B3642EEAACBF005968C9 /* AuthService.swift */ = {isa = PBXFileReference; lastKnownFileType = sourcecode.swift; path = AuthService.swift; sourceTree = "<group>"; };
		2894B3652EEAACBF005968C9 /* SupabaseService.swift */ = {isa = PBXFileReference; lastKnownFileType = sourcecode.swift; path = SupabaseService.swift; sourceTree = "<group>"; };
		2894B3692EEAAD07005968C9 /* AuthViewController.swift */ = {isa = PBXFileReference; lastKnownFileType = sourcecode.swift; path = AuthViewController.swift; sourceTree = "<group>"; };
		2894B36A2EEAAD07005968C9 /* ChatViewController.swift */ = {isa = PBXFileReference; lastKnownFileType = sourcecode.swift; path = ChatViewController.swift; sourceTree = "<group>"; };
		2894B36B2EEAAD07005968C9 /* GroupsViewController.swift */ = {isa = PBXFileReference; lastKnownFileType = sourcecode.swift; path = GroupsViewController.swift; sourceTree = "<group>"; };
		2898E4CE2EEAA7250056F8C8 /* EntrigExample.entitlements */ = {isa = PBXFileReference; lastKnownFileType = text.plist.entitlements; path = EntrigExample.entitlements; sourceTree = "<group>"; };
		2D9A8E1B3C7F5A2D9B4E6C8F /* EntrigExample.xcconfig */ = {isa = PBXFileReference; lastKnownFileType = text.xcconfig; path = EntrigExample.xcconfig; sourceTree = "<group>"; };
/* End PBXFileReference section */

/* Begin PBXFrameworksBuildPhase section */
		1D8E7F632C8B9A1D00000000 /* Frameworks */ = {
			isa = PBXFrameworksBuildPhase;
			buildActionMask = 2147483647;
			files = (
				2894B37A2EEAB5DF005968C9 /* Supabase in Frameworks */,
				2894B3782EEAB5DF005968C9 /* Storage in Frameworks */,
				2894B3742EEAB5DF005968C9 /* PostgREST in Frameworks */,
				2894B3722EEAB5DF005968C9 /* Functions in Frameworks */,
				2894B3702EEAB5DF005968C9 /* Auth in Frameworks */,
				2894B3762EEAB5DF005968C9 /* Realtime in Frameworks */,
				28AFA23B2EEE930200988B55 /* Entrig in Frameworks */,
			);
			runOnlyForDeploymentPostprocessing = 0;
		};
/* End PBXFrameworksBuildPhase section */

/* Begin PBXGroup section */
		1D8E7F5D2C8B9A1D00000000 = {
			isa = PBXGroup;
			children = (
				2D9A8E1B3C7F5A2D9B4E6C8F /* EntrigExample.xcconfig */,
				1D8E7F682C8B9A1D00000001 /* EntrigExample */,
				28AFA2332EEE8F7000988B55 /* Frameworks */,
				1D8E7F672C8B9A1D00000000 /* Products */,
			);
			sourceTree = "<group>";
		};
		1D8E7F672C8B9A1D00000000 /* Products */ = {
			isa = PBXGroup;
			children = (
				1D8E7F662C8B9A1D00000000 /* EntrigExample.app */,
			);
			name = Products;
			sourceTree = "<group>";
		};
		1D8E7F682C8B9A1D00000001 /* EntrigExample */ = {
			isa = PBXGroup;
			children = (
				2894B3692EEAAD07005968C9 /* AuthViewController.swift */,
				2894B36A2EEAAD07005968C9 /* ChatViewController.swift */,
				2894B36B2EEAAD07005968C9 /* GroupsViewController.swift */,
				2894B3662EEAACBF005968C9 /* Services */,
				2894B3622EEAACB3005968C9 /* Models */,
				2898E4CE2EEAA7250056F8C8 /* EntrigExample.entitlements */,
				1D8E7F692C8B9A1D00000001 /* AppDelegate.swift */,
				1D8E7F6D2C8B9A1D00000002 /* HomeViewController.swift */,
				1D8E7F742C8B9A1E00000003 /* Info.plist */,
			);
			path = EntrigExample;
			sourceTree = "<group>";
		};
		2894B3622EEAACB3005968C9 /* Models */ = {
			isa = PBXGroup;
			children = (
				2894B3612EEAACB3005968C9 /* ChatModels.swift */,
			);
			path = Models;
			sourceTree = "<group>";
		};
		2894B3662EEAACBF005968C9 /* Services */ = {
			isa = PBXGroup;
			children = (
				2894B3642EEAACBF005968C9 /* AuthService.swift */,
				2894B3652EEAACBF005968C9 /* SupabaseService.swift */,
			);
			path = Services;
			sourceTree = "<group>";
		};
		28AFA2332EEE8F7000988B55 /* Frameworks */ = {
			isa = PBXGroup;
			children = (
			);
			name = Frameworks;
			sourceTree = "<group>";
		};
/* End PBXGroup section */

/* Begin PBXNativeTarget section */
		1D8E7F652C8B9A1D00000000 /* EntrigExample */ = {
			isa = PBXNativeTarget;
			buildConfigurationList = 1D8E7F772C8B9A1E00000004 /* Build configuration list for PBXNativeTarget "EntrigExample" */;
			buildPhases = (
				1D8E7F622C8B9A1D00000000 /* Sources */,
				1D8E7F632C8B9A1D00000000 /* Frameworks */,
				1D8E7F642C8B9A1D00000000 /* Resources */,
			);
			buildRules = (
			);
			dependencies = (
			);
			name = EntrigExample;
			productName = EntrigExample;
			productReference = 1D8E7F662C8B9A1D00000000 /* EntrigExample.app */;
			productType = "com.apple.product-type.application";
		};
/* End PBXNativeTarget section */

/* Begin PBXProject section */
		1D8E7F5E2C8B9A1D00000000 /* Project object */ = {
			isa = PBXProject;
			attributes = {
				LastSwiftUpdateCheck = 1300;
				LastUpgradeCheck = 1300;
				TargetAttributes = {
					1D8E7F652C8B9A1D00000000 = {
						CreatedOnToolsVersion = 13.0;
					};
				};
			};
			buildConfigurationList = 1D8E7F612C8B9A1D00000000 /* Build configuration list for PBXProject "EntrigExample" */;
			compatibilityVersion = "Xcode 12.0";
			developmentRegion = en;
			hasScannedForEncodings = 0;
			knownRegions = (
				en,
				Base,
			);
			mainGroup = 1D8E7F5D2C8B9A1D00000000;
			packageReferences = (
				2898E4CF2EEAAB220056F8C8 /* XCRemoteSwiftPackageReference "supabase-swift" */,
				28AFA2392EEE930200988B55 /* XCRemoteSwiftPackageReference "entrig-ios" */,
			);
			productRefGroup = 1D8E7F672C8B9A1D00000000 /* Products */;
			projectDirPath = "";
			projectRoot = "";
			targets = (
				1D8E7F652C8B9A1D00000000 /* EntrigExample */,
			);
		};
/* End PBXProject section */

/* Begin PBXResourcesBuildPhase section */
		1D8E7F642C8B9A1D00000000 /* Resources */ = {
			isa = PBXResourcesBuildPhase;
			buildActionMask = 2147483647;
			files = (
			);
			runOnlyForDeploymentPostprocessing = 0;
		};
/* End PBXResourcesBuildPhase section */

/* Begin PBXSourcesBuildPhase section */
		1D8E7F622C8B9A1D00000000 /* Sources */ = {
			isa = PBXSourcesBuildPhase;
			buildActionMask = 2147483647;
			files = (
				2894B36C2EEAAD07005968C9 /* AuthViewController.swift in Sources */,
				2894B36D2EEAAD07005968C9 /* ChatViewController.swift in Sources */,
				2894B36E2EEAAD07005968C9 /* GroupsViewController.swift in Sources */,
				2894B3672EEAACBF005968C9 /* SupabaseService.swift in Sources */,
				2894B3682EEAACBF005968C9 /* AuthService.swift in Sources */,
				2894B3632EEAACB3005968C9 /* ChatModels.swift in Sources */,
				1D8E7F6E2C8B9A1D00000002 /* HomeViewController.swift in Sources */,
				1D8E7F6A2C8B9A1D00000001 /* AppDelegate.swift in Sources */,
			);
			runOnlyForDeploymentPostprocessing = 0;
		};
/* End PBXSourcesBuildPhase section */

/* Begin XCBuildConfiguration section */
		1D8E7F752C8B9A1E00000003 /* Debug */ = {
			isa = XCBuildConfiguration;
			baseConfigurationReference = 2D9A8E1B3C7F5A2D9B4E6C8F /* EntrigExample.xcconfig */;
			buildSettings = {
				ALWAYS_SEARCH_USER_PATHS = NO;
				CLANG_ANALYZER_NONNULL = YES;
				CLANG_ANALYZER_NUMBER_OBJECT_CONVERSION = YES_AGGRESSIVE;
				CLANG_CXX_LANGUAGE_STANDARD = "gnu++17";
				CLANG_CXX_LIBRARY = "libc++";
				CLANG_ENABLE_MODULES = YES;
				CLANG_ENABLE_OBJC_ARC = YES;
				CLANG_ENABLE_OBJC_WEAK = YES;
				CLANG_WARN_BLOCK_CAPTURE_AUTORELEASING = YES;
				CLANG_WARN_BOOL_CONVERSION = YES;
				CLANG_WARN_COMMA = YES;
				CLANG_WARN_CONSTANT_CONVERSION = YES;
				CLANG_WARN_DEPRECATED_OBJC_IMPLEMENTATIONS = YES;
				CLANG_WARN_DIRECT_OBJC_ISA_USAGE = YES_ERROR;
				CLANG_WARN_DOCUMENTATION_COMMENTS = YES;
				CLANG_WARN_EMPTY_BODY = YES;
				CLANG_WARN_ENUM_CONVERSION = YES;
				CLANG_WARN_INFINITE_RECURSION = YES;
				CLANG_WARN_INT_CONVERSION = YES;
				CLANG_WARN_NON_LITERAL_NULL_CONVERSION = YES;
				CLANG_WARN_OBJC_IMPLICIT_RETAIN_SELF = YES;
				CLANG_WARN_OBJC_LITERAL_CONVERSION = YES;
				CLANG_WARN_OBJC_ROOT_CLASS = YES_ERROR;
				CLANG_WARN_QUOTED_INCLUDE_IN_FRAMEWORK_HEADER = YES;
				CLANG_WARN_RANGE_LOOP_ANALYSIS = YES;
				CLANG_WARN_STRICT_PROTOTYPES = YES;
				CLANG_WARN_SUSPICIOUS_MOVE = YES;
				CLANG_WARN_UNGUARDED_AVAILABILITY = YES_AGGRESSIVE;
				CLANG_WARN_UNREACHABLE_CODE = YES;
				CLANG_WARN__DUPLICATE_METHOD_MATCH = YES;
				COPY_PHASE_STRIP = NO;
				DEBUG_INFORMATION_FORMAT = dwarf;
				ENABLE_STRICT_OBJC_MSGSEND = YES;
				ENABLE_TESTABILITY = YES;
				GCC_C_LANGUAGE_STANDARD = gnu11;
				GCC_DYNAMIC_NO_PIC = NO;
				GCC_NO_COMMON_BLOCKS = YES;
				GCC_OPTIMIZATION_LEVEL = 0;
				GCC_PREPROCESSOR_DEFINITIONS = (
					"DEBUG=1",
					"$(inherited)",
				);
				GCC_WARN_64_TO_32_BIT_CONVERSION = YES;
				GCC_WARN_ABOUT_RETURN_TYPE = YES_ERROR;
				GCC_WARN_UNDECLARED_SELECTOR = YES;
				GCC_WARN_UNINITIALIZED_AUTOS = YES_AGGRESSIVE;
				GCC_WARN_UNUSED_FUNCTION = YES;
				GCC_WARN_UNUSED_VARIABLE = YES;
				IPHONEOS_DEPLOYMENT_TARGET = 14.0;
				MTL_ENABLE_DEBUG_INFO = INCLUDE_SOURCE;
				MTL_FAST_MATH = YES;
				ONLY_ACTIVE_ARCH = YES;
				SDKROOT = iphoneos;
				SWIFT_ACTIVE_COMPILATION_CONDITIONS = DEBUG;
				SWIFT_OPTIMIZATION_LEVEL = "-Onone";
			};
			name = Debug;
		};
		1D8E7F762C8B9A1E00000003 /* Release */ = {
			isa = XCBuildConfiguration;
			baseConfigurationReference = 2D9A8E1B3C7F5A2D9B4E6C8F /* EntrigExample.xcconfig */;
			buildSettings = {
				ALWAYS_SEARCH_USER_PATHS = NO;
				CLANG_ANALYZER_NONNULL = YES;
				CLANG_ANALYZER_NUMBER_OBJECT_CONVERSION = YES_AGGRESSIVE;
				CLANG_CXX_LANGUAGE_STANDARD = "gnu++17";
				CLANG_CXX_LIBRARY = "libc++";
				CLANG_ENABLE_MODULES = YES;
				CLANG_ENABLE_OBJC_ARC = YES;
				CLANG_ENABLE_OBJC_WEAK = YES;
				CLANG_WARN_BLOCK_CAPTURE_AUTORELEASING = YES;
				CLANG_WARN_BOOL_CONVERSION = YES;
				CLANG_WARN_COMMA = YES;
				CLANG_WARN_CONSTANT_CONVERSION = YES;
				CLANG_WARN_DEPRECATED_OBJC_IMPLEMENTATIONS = YES;
				CLANG_WARN_DIRECT_OBJC_ISA_USAGE = YES_ERROR;
				CLANG_WARN_DOCUMENTATION_COMMENTS = YES;
				CLANG_WARN_EMPTY_BODY = YES;
				CLANG_WARN_ENUM_CONVERSION = YES;
				CLANG_WARN_INFINITE_RECURSION = YES;
				CLANG_WARN_INT_CONVERSION = YES;
				CLANG_WARN_NON_LITERAL_NULL_CONVERSION = YES;
				CLANG_WARN_OBJC_IMPLICIT_RETAIN_SELF = YES;
				CLANG_WARN_OBJC_LITERAL_CONVERSION = YES;
				CLANG_WARN_OBJC_ROOT_CLASS = YES_ERROR;
				CLANG_WARN_QUOTED_INCLUDE_IN_FRAMEWORK_HEADER = YES;
				CLANG_WARN_RANGE_LOOP_ANALYSIS = YES;
				CLANG_WARN_STRICT_PROTOTYPES = YES;
				CLANG_WARN_SUSPICIOUS_MOVE = YES;
				CLANG_WARN_UNGUARDED_AVAILABILITY = YES_AGGRESSIVE;
				CLANG_WARN_UNREACHABLE_CODE = YES;
				CLANG_WARN__DUPLICATE_METHOD_MATCH = YES;
				COPY_PHASE_STRIP = NO;
				DEBUG_INFORMATION_FORMAT = "dwarf-with-dsym";
				ENABLE_NS_ASSERTIONS = NO;
				ENABLE_STRICT_OBJC_MSGSEND = YES;
				GCC_C_LANGUAGE_STANDARD = gnu11;
				GCC_NO_COMMON_BLOCKS = YES;
				GCC_WARN_64_TO_32_BIT_CONVERSION = YES;
				GCC_WARN_ABOUT_RETURN_TYPE = YES_ERROR;
				GCC_WARN_UNDECLARED_SELECTOR = YES;
				GCC_WARN_UNINITIALIZED_AUTOS = YES_AGGRESSIVE;
				GCC_WARN_UNUSED_FUNCTION = YES;
				GCC_WARN_UNUSED_VARIABLE = YES;
				IPHONEOS_DEPLOYMENT_TARGET = 14.0;
				MTL_ENABLE_DEBUG_INFO = NO;
				MTL_FAST_MATH = YES;
				SDKROOT = iphoneos;
				SWIFT_COMPILATION_MODE = wholemodule;
				SWIFT_OPTIMIZATION_LEVEL = "-O";
				VALIDATE_PRODUCT = YES;
			};
			name = Release;
		};
		1D8E7F782C8B9A1E00000004 /* Debug */ = {
			isa = XCBuildConfiguration;
			buildSettings = {
				ASSETCATALOG_COMPILER_APPICON_NAME = AppIcon;
				ASSETCATALOG_COMPILER_GLOBAL_ACCENT_COLOR_NAME = AccentColor;
				CODE_SIGN_ENTITLEMENTS = EntrigExample/EntrigExample.entitlements;
				CODE_SIGN_STYLE = Automatic;
				CURRENT_PROJECT_VERSION = 1;
				DEVELOPMENT_TEAM = F52RB7R9L6;
				GENERATE_INFOPLIST_FILE = YES;
				INFOPLIST_FILE = EntrigExample/Info.plist;
				INFOPLIST_KEY_CFBundleDisplayName = "Entrig Example";
				INFOPLIST_KEY_UIApplicationSupportsIndirectInputEvents = YES;
				INFOPLIST_KEY_UILaunchStoryboardName = LaunchScreen;
				INFOPLIST_KEY_UIRequiredDeviceCapabilities = armv7;
				INFOPLIST_KEY_UISupportedInterfaceOrientations = "UIInterfaceOrientationPortrait UIInterfaceOrientationLandscapeLeft UIInterfaceOrientationLandscapeRight";
				INFOPLIST_KEY_UISupportedInterfaceOrientations_iPad = "UIInterfaceOrientationPortrait UIInterfaceOrientationPortraitUpsideDown UIInterfaceOrientationLandscapeLeft UIInterfaceOrientationLandscapeRight";
				INFOPLIST_KEY_UISupportedInterfaceOrientations_iPhone = "UIInterfaceOrientationPortrait UIInterfaceOrientationLandscapeLeft UIInterfaceOrientationLandscapeRight";
				IPHONEOS_DEPLOYMENT_TARGET = 14.0;
				LD_RUNPATH_SEARCH_PATHS = (
					"$(inherited)",
					"@executable_path/Frameworks",
				);
				MARKETING_VERSION = 1.0;
				PRODUCT_NAME = "$(TARGET_NAME)";
				SWIFT_EMIT_LOC_STRINGS = YES;
				SWIFT_VERSION = 5.0;
				TARGETED_DEVICE_FAMILY = "1,2";
			};
			name = Debug;
		};
		1D8E7F792C8B9A1E00000004 /* Release */ = {
			isa = XCBuildConfiguration;
			buildSettings = {
				ASSETCATALOG_COMPILER_APPICON_NAME = AppIcon;
				ASSETCATALOG_COMPILER_GLOBAL_ACCENT_COLOR_NAME = AccentColor;
				CODE_SIGN_ENTITLEMENTS = EntrigExample/EntrigExample.entitlements;
				CODE_SIGN_STYLE = Automatic;
				CURRENT_PROJECT_VERSION = 1;
				DEVELOPMENT_TEAM = F52RB7R9L6;
				GENERATE_INFOPLIST_FILE = YES;
				INFOPLIST_FILE = EntrigExample/Info.plist;
				INFOPLIST_KEY_CFBundleDisplayName = "Entrig Example";
				INFOPLIST_KEY_UIApplicationSupportsIndirectInputEvents = YES;
				INFOPLIST_KEY_UILaunchStoryboardName = LaunchScreen;
				INFOPLIST_KEY_UIRequiredDeviceCapabilities = armv7;
				INFOPLIST_KEY_UISupportedInterfaceOrientations = "UIInterfaceOrientationPortrait UIInterfaceOrientationLandscapeLeft UIInterfaceOrientationLandscapeRight";
				INFOPLIST_KEY_UISupportedInterfaceOrientations_iPad = "UIInterfaceOrientationPortrait UIInterfaceOrientationPortraitUpsideDown UIInterfaceOrientationLandscapeLeft UIInterfaceOrientationLandscapeRight";
				INFOPLIST_KEY_UISupportedInterfaceOrientations_iPhone = "UIInterfaceOrientationPortrait UIInterfaceOrientationLandscapeLeft UIInterfaceOrientationLandscapeRight";
				IPHONEOS_DEPLOYMENT_TARGET = 14.0;
				LD_RUNPATH_SEARCH_PATHS = (
					"$(inherited)",
					"@executable_path/Frameworks",
				);
				MARKETING_VERSION = 1.0;
				PRODUCT_NAME = "$(TARGET_NAME)";
				SWIFT_EMIT_LOC_STRINGS = YES;
				SWIFT_VERSION = 5.0;
				TARGETED_DEVICE_FAMILY = "1,2";
			};
			name = Release;
		};
/* End XCBuildConfiguration section */

/* Begin XCConfigurationList section */
		1D8E7F612C8B9A1D00000000 /* Build configuration list for PBXProject "EntrigExample" */ = {
			isa = XCConfigurationList;
			buildConfigurations = (
				1D8E7F752C8B9A1E00000003 /* Debug */,
				1D8E7F762C8B9A1E00000003 /* Release */,
			);
			defaultConfigurationIsVisible = 0;
			defaultConfigurationName = Release;
		};
		1D8E7F772C8B9A1E00000004 /* Build configuration list for PBXNativeTarget "EntrigExample" */ = {
			isa = XCConfigurationList;
			buildConfigurations = (
				1D8E7F782C8B9A1E00000004 /* Debug */,
				1D8E7F792C8B9A1E00000004 /* Release */,
			);
			defaultConfigurationIsVisible = 0;
			defaultConfigurationName = Release;
		};
/* End XCConfigurationList section */

/* Begin XCRemoteSwiftPackageReference section */
		2898E4CF2EEAAB220056F8C8 /* XCRemoteSwiftPackageReference "supabase-swift" */ = {
			isa = XCRemoteSwiftPackageReference;
			repositoryURL = "https://github.com/supabase/supabase-swift";
			requirement = {
				kind = upToNextMajorVersion;
				minimumVersion = 2.5.1;
			};
		};
		28AFA2392EEE930200988B55 /* XCRemoteSwiftPackageReference "entrig-ios" */ = {
			isa = XCRemoteSwiftPackageReference;
			repositoryURL = "https://github.com/entrig/entrig-ios";
			requirement = {
				kind = exactVersion;
				version = "0.0.4-dev";
			};
		};
/* End XCRemoteSwiftPackageReference section */

/* Begin XCSwiftPackageProductDependency section */
		2894B36F2EEAB5DF005968C9 /* Auth */ = {
			isa = XCSwiftPackageProductDependency;
			package = 2898E4CF2EEAAB220056F8C8 /* XCRemoteSwiftPackageReference "supabase-swift" */;
			productName = Auth;
		};
		2894B3712EEAB5DF005968C9 /* Functions */ = {
			isa = XCSwiftPackageProductDependency;
			package = 2898E4CF2EEAAB220056F8C8 /* XCRemoteSwiftPackageReference "supabase-swift" */;
			productName = Functions;
		};
		2894B3732EEAB5DF005968C9 /* PostgREST */ = {
			isa = XCSwiftPackageProductDependency;
			package = 2898E4CF2EEAAB220056F8C8 /* XCRemoteSwiftPackageReference "supabase-swift" */;
			productName = PostgREST;
		};
		2894B3752EEAB5DF005968C9 /* Realtime */ = {
			isa = XCSwiftPackageProductDependency;
			package = 2898E4CF2EEAAB220056F8C8 /* XCRemoteSwiftPackageReference "supabase-swift" */;
			productName = Realtime;
		};
		2894B3772EEAB5DF005968C9 /* Storage */ = {
			isa = XCSwiftPackageProductDependency;
			package = 2898E4CF2EEAAB220056F8C8 /* XCRemoteSwiftPackageReference "supabase-swift" */;
			productName = Storage;
		};
		2894B3792EEAB5DF005968C9 /* Supabase */ = {
			isa = XCSwiftPackageProductDependency;
			package = 2898E4CF2EEAAB220056F8C8 /* XCRemoteSwiftPackageReference "supabase-swift" */;
			productName = Supabase;
		};
		28AFA23A2EEE930200988B55 /* Entrig */ = {
			isa = XCSwiftPackageProductDependency;
			package = 28AFA2392EEE930200988B55 /* XCRemoteSwiftPackageReference "entrig-ios" */;
			productName = Entrig;
		};
/* End XCSwiftPackageProductDependency section */
	};
	rootObject = 1D8E7F5E2C8B9A1D00000000 /* Project object */;
}
